// !$*UTF8*$!
{
	archiveVersion = 1;
	classes = {
	};
	objectVersion = 50;
	objects = {

/* Begin PBXBuildFile section */
		EF06B08A237FD72C000D9D7E /* AppDelegate.swift in Sources */ = {isa = PBXBuildFile; fileRef = EF06B089237FD72C000D9D7E /* AppDelegate.swift */; };
		EF06B08C237FD72C000D9D7E /* SceneDelegate.swift in Sources */ = {isa = PBXBuildFile; fileRef = EF06B08B237FD72C000D9D7E /* SceneDelegate.swift */; };
		EF06B08E237FD72C000D9D7E /* SearchViewController.swift in Sources */ = {isa = PBXBuildFile; fileRef = EF06B08D237FD72C000D9D7E /* SearchViewController.swift */; };
		EF06B091237FD72C000D9D7E /* Main.storyboard in Resources */ = {isa = PBXBuildFile; fileRef = EF06B08F237FD72C000D9D7E /* Main.storyboard */; };
		EF06B093237FD72F000D9D7E /* Assets.xcassets in Resources */ = {isa = PBXBuildFile; fileRef = EF06B092237FD72F000D9D7E /* Assets.xcassets */; };
		EF06B096237FD72F000D9D7E /* LaunchScreen.storyboard in Resources */ = {isa = PBXBuildFile; fileRef = EF06B094237FD72F000D9D7E /* LaunchScreen.storyboard */; };
		EF06B0A1237FD72F000D9D7E /* AirportFinderTests.swift in Sources */ = {isa = PBXBuildFile; fileRef = EF06B0A0237FD72F000D9D7E /* AirportFinderTests.swift */; };
		EF06B0AC237FD72F000D9D7E /* AirportFinderUITests.swift in Sources */ = {isa = PBXBuildFile; fileRef = EF06B0AB237FD72F000D9D7E /* AirportFinderUITests.swift */; };
		EF3EC32E2385478C007EF686 /* AirportAnnotation.swift in Sources */ = {isa = PBXBuildFile; fileRef = EF3EC32D2385478C007EF686 /* AirportAnnotation.swift */; };
		EF3EC330238551E6007EF686 /* AirportRadipService.swift in Sources */ = {isa = PBXBuildFile; fileRef = EF3EC32F238551E6007EF686 /* AirportRadipService.swift */; };
		EFDC3060238148ED005AAD1B /* AirportSearchViewController.swift in Sources */ = {isa = PBXBuildFile; fileRef = EFDC305A238148ED005AAD1B /* AirportSearchViewController.swift */; };
		EFDC3061238148ED005AAD1B /* AirportSearchInteractor.swift in Sources */ = {isa = PBXBuildFile; fileRef = EFDC305B238148ED005AAD1B /* AirportSearchInteractor.swift */; };
		EFDC3062238148ED005AAD1B /* AirportSearchModels.swift in Sources */ = {isa = PBXBuildFile; fileRef = EFDC305C238148ED005AAD1B /* AirportSearchModels.swift */; };
		EFDC3063238148ED005AAD1B /* AirportSearchPresenter.swift in Sources */ = {isa = PBXBuildFile; fileRef = EFDC305D238148ED005AAD1B /* AirportSearchPresenter.swift */; };
		EFDC3064238148ED005AAD1B /* AirportSearchRouter.swift in Sources */ = {isa = PBXBuildFile; fileRef = EFDC305E238148ED005AAD1B /* AirportSearchRouter.swift */; };
		EFDC3065238148ED005AAD1B /* AirportSearchWorker.swift in Sources */ = {isa = PBXBuildFile; fileRef = EFDC305F238148ED005AAD1B /* AirportSearchWorker.swift */; };
		EFDC306823814E46005AAD1B /* AirportService.swift in Sources */ = {isa = PBXBuildFile; fileRef = EFDC306723814E46005AAD1B /* AirportService.swift */; };
		EFDC306B23814F00005AAD1B /* Airport.swift in Sources */ = {isa = PBXBuildFile; fileRef = EFDC306A23814F00005AAD1B /* Airport.swift */; };
		EFDC306E238150E8005AAD1B /* LocationManager.swift in Sources */ = {isa = PBXBuildFile; fileRef = EFDC306D238150E8005AAD1B /* LocationManager.swift */; };
		EFDC3071238153A5005AAD1B /* AirportAPIDataStore.swift in Sources */ = {isa = PBXBuildFile; fileRef = EFDC3070238153A5005AAD1B /* AirportAPIDataStore.swift */; };
/* End PBXBuildFile section */

/* Begin PBXContainerItemProxy section */
		EF06B09D237FD72F000D9D7E /* PBXContainerItemProxy */ = {
			isa = PBXContainerItemProxy;
			containerPortal = EF06B07E237FD72C000D9D7E /* Project object */;
			proxyType = 1;
			remoteGlobalIDString = EF06B085237FD72C000D9D7E;
			remoteInfo = AirportFinder;
		};
		EF06B0A8237FD72F000D9D7E /* PBXContainerItemProxy */ = {
			isa = PBXContainerItemProxy;
			containerPortal = EF06B07E237FD72C000D9D7E /* Project object */;
			proxyType = 1;
			remoteGlobalIDString = EF06B085237FD72C000D9D7E;
			remoteInfo = AirportFinder;
		};
/* End PBXContainerItemProxy section */

/* Begin PBXFileReference section */
		EF06B086237FD72C000D9D7E /* AirportLocator.app */ = {isa = PBXFileReference; explicitFileType = wrapper.application; includeInIndex = 0; path = AirportLocator.app; sourceTree = BUILT_PRODUCTS_DIR; };
		EF06B089237FD72C000D9D7E /* AppDelegate.swift */ = {isa = PBXFileReference; lastKnownFileType = sourcecode.swift; path = AppDelegate.swift; sourceTree = "<group>"; };
		EF06B08B237FD72C000D9D7E /* SceneDelegate.swift */ = {isa = PBXFileReference; lastKnownFileType = sourcecode.swift; path = SceneDelegate.swift; sourceTree = "<group>"; };
		EF06B08D237FD72C000D9D7E /* SearchViewController.swift */ = {isa = PBXFileReference; lastKnownFileType = sourcecode.swift; path = SearchViewController.swift; sourceTree = "<group>"; };
		EF06B090237FD72C000D9D7E /* Base */ = {isa = PBXFileReference; lastKnownFileType = file.storyboard; name = Base; path = Base.lproj/Main.storyboard; sourceTree = "<group>"; };
		EF06B092237FD72F000D9D7E /* Assets.xcassets */ = {isa = PBXFileReference; lastKnownFileType = folder.assetcatalog; path = Assets.xcassets; sourceTree = "<group>"; };
		EF06B095237FD72F000D9D7E /* Base */ = {isa = PBXFileReference; lastKnownFileType = file.storyboard; name = Base; path = Base.lproj/LaunchScreen.storyboard; sourceTree = "<group>"; };
		EF06B097237FD72F000D9D7E /* Info.plist */ = {isa = PBXFileReference; lastKnownFileType = text.plist.xml; path = Info.plist; sourceTree = "<group>"; };
		EF06B09C237FD72F000D9D7E /* AirportLocatorTests.xctest */ = {isa = PBXFileReference; explicitFileType = wrapper.cfbundle; includeInIndex = 0; path = AirportLocatorTests.xctest; sourceTree = BUILT_PRODUCTS_DIR; };
		EF06B0A0237FD72F000D9D7E /* AirportFinderTests.swift */ = {isa = PBXFileReference; lastKnownFileType = sourcecode.swift; path = AirportFinderTests.swift; sourceTree = "<group>"; };
		EF06B0A2237FD72F000D9D7E /* Info.plist */ = {isa = PBXFileReference; lastKnownFileType = text.plist.xml; path = Info.plist; sourceTree = "<group>"; };
		EF06B0A7237FD72F000D9D7E /* AirportLocatorUITests.xctest */ = {isa = PBXFileReference; explicitFileType = wrapper.cfbundle; includeInIndex = 0; path = AirportLocatorUITests.xctest; sourceTree = BUILT_PRODUCTS_DIR; };
		EF06B0AB237FD72F000D9D7E /* AirportFinderUITests.swift */ = {isa = PBXFileReference; lastKnownFileType = sourcecode.swift; path = AirportFinderUITests.swift; sourceTree = "<group>"; };
		EF06B0AD237FD72F000D9D7E /* Info.plist */ = {isa = PBXFileReference; lastKnownFileType = text.plist.xml; path = Info.plist; sourceTree = "<group>"; };
		EF3EC32D2385478C007EF686 /* AirportAnnotation.swift */ = {isa = PBXFileReference; lastKnownFileType = sourcecode.swift; path = AirportAnnotation.swift; sourceTree = "<group>"; };
		EF3EC32F238551E6007EF686 /* AirportRadipService.swift */ = {isa = PBXFileReference; lastKnownFileType = sourcecode.swift; path = AirportRadipService.swift; sourceTree = "<group>"; };
		EFDC305A238148ED005AAD1B /* AirportSearchViewController.swift */ = {isa = PBXFileReference; fileEncoding = 4; lastKnownFileType = sourcecode.swift; path = AirportSearchViewController.swift; sourceTree = "<group>"; };
		EFDC305B238148ED005AAD1B /* AirportSearchInteractor.swift */ = {isa = PBXFileReference; fileEncoding = 4; lastKnownFileType = sourcecode.swift; path = AirportSearchInteractor.swift; sourceTree = "<group>"; };
		EFDC305C238148ED005AAD1B /* AirportSearchModels.swift */ = {isa = PBXFileReference; fileEncoding = 4; lastKnownFileType = sourcecode.swift; path = AirportSearchModels.swift; sourceTree = "<group>"; };
		EFDC305D238148ED005AAD1B /* AirportSearchPresenter.swift */ = {isa = PBXFileReference; fileEncoding = 4; lastKnownFileType = sourcecode.swift; path = AirportSearchPresenter.swift; sourceTree = "<group>"; };
		EFDC305E238148ED005AAD1B /* AirportSearchRouter.swift */ = {isa = PBXFileReference; fileEncoding = 4; lastKnownFileType = sourcecode.swift; path = AirportSearchRouter.swift; sourceTree = "<group>"; };
		EFDC305F238148ED005AAD1B /* AirportSearchWorker.swift */ = {isa = PBXFileReference; fileEncoding = 4; lastKnownFileType = sourcecode.swift; path = AirportSearchWorker.swift; sourceTree = "<group>"; };
		EFDC306723814E46005AAD1B /* AirportService.swift */ = {isa = PBXFileReference; lastKnownFileType = sourcecode.swift; path = AirportService.swift; sourceTree = "<group>"; };
		EFDC306A23814F00005AAD1B /* Airport.swift */ = {isa = PBXFileReference; lastKnownFileType = sourcecode.swift; path = Airport.swift; sourceTree = "<group>"; };
		EFDC306D238150E8005AAD1B /* LocationManager.swift */ = {isa = PBXFileReference; lastKnownFileType = sourcecode.swift; path = LocationManager.swift; sourceTree = "<group>"; };
		EFDC3070238153A5005AAD1B /* AirportAPIDataStore.swift */ = {isa = PBXFileReference; lastKnownFileType = sourcecode.swift; path = AirportAPIDataStore.swift; sourceTree = "<group>"; };
/* End PBXFileReference section */

/* Begin PBXFrameworksBuildPhase section */
		EF06B083237FD72C000D9D7E /* Frameworks */ = {
			isa = PBXFrameworksBuildPhase;
			buildActionMask = 2147483647;
			files = (
			);
			runOnlyForDeploymentPostprocessing = 0;
		};
		EF06B099237FD72F000D9D7E /* Frameworks */ = {
			isa = PBXFrameworksBuildPhase;
			buildActionMask = 2147483647;
			files = (
			);
			runOnlyForDeploymentPostprocessing = 0;
		};
		EF06B0A4237FD72F000D9D7E /* Frameworks */ = {
			isa = PBXFrameworksBuildPhase;
			buildActionMask = 2147483647;
			files = (
			);
			runOnlyForDeploymentPostprocessing = 0;
		};
/* End PBXFrameworksBuildPhase section */

/* Begin PBXGroup section */
		EF06B07D237FD72C000D9D7E = {
			isa = PBXGroup;
			children = (
				EF06B088237FD72C000D9D7E /* AirportFinder */,
				EF06B09F237FD72F000D9D7E /* AirportFinderTests */,
				EF06B0AA237FD72F000D9D7E /* AirportFinderUITests */,
				EF06B087237FD72C000D9D7E /* Products */,
			);
			sourceTree = "<group>";
		};
		EF06B087237FD72C000D9D7E /* Products */ = {
			isa = PBXGroup;
			children = (
				EF06B086237FD72C000D9D7E /* AirportLocator.app */,
				EF06B09C237FD72F000D9D7E /* AirportLocatorTests.xctest */,
				EF06B0A7237FD72F000D9D7E /* AirportLocatorUITests.xctest */,
			);
			name = Products;
			sourceTree = "<group>";
		};
		EF06B088237FD72C000D9D7E /* AirportFinder */ = {
			isa = PBXGroup;
			children = (
				EFDC306F23815387005AAD1B /* Store */,
				EFDC306C238150C8005AAD1B /* Location */,
				EFDC306923814EF3005AAD1B /* Model */,
				EFDC306623814E29005AAD1B /* Services */,
				EFB296E32381486700DC2DC4 /* Search */,
				EF06B089237FD72C000D9D7E /* AppDelegate.swift */,
				EF06B08B237FD72C000D9D7E /* SceneDelegate.swift */,
				EF06B08D237FD72C000D9D7E /* SearchViewController.swift */,
				EF06B08F237FD72C000D9D7E /* Main.storyboard */,
				EF06B092237FD72F000D9D7E /* Assets.xcassets */,
				EF06B094237FD72F000D9D7E /* LaunchScreen.storyboard */,
				EF06B097237FD72F000D9D7E /* Info.plist */,
			);
			path = AirportFinder;
			sourceTree = "<group>";
		};
		EF06B09F237FD72F000D9D7E /* AirportFinderTests */ = {
			isa = PBXGroup;
			children = (
				EF06B0A0237FD72F000D9D7E /* AirportFinderTests.swift */,
				EF06B0A2237FD72F000D9D7E /* Info.plist */,
			);
			path = AirportFinderTests;
			sourceTree = "<group>";
		};
		EF06B0AA237FD72F000D9D7E /* AirportFinderUITests */ = {
			isa = PBXGroup;
			children = (
				EF06B0AB237FD72F000D9D7E /* AirportFinderUITests.swift */,
				EF06B0AD237FD72F000D9D7E /* Info.plist */,
			);
			path = AirportFinderUITests;
			sourceTree = "<group>";
		};
		EFB296E32381486700DC2DC4 /* Search */ = {
			isa = PBXGroup;
			children = (
				EFDC305B238148ED005AAD1B /* AirportSearchInteractor.swift */,
				EFDC305C238148ED005AAD1B /* AirportSearchModels.swift */,
				EFDC305D238148ED005AAD1B /* AirportSearchPresenter.swift */,
				EFDC305E238148ED005AAD1B /* AirportSearchRouter.swift */,
				EFDC305A238148ED005AAD1B /* AirportSearchViewController.swift */,
				EFDC305F238148ED005AAD1B /* AirportSearchWorker.swift */,
			);
			path = Search;
			sourceTree = "<group>";
		};
		EFDC306623814E29005AAD1B /* Services */ = {
			isa = PBXGroup;
			children = (
				EFDC306723814E46005AAD1B /* AirportService.swift */,
				EF3EC32F238551E6007EF686 /* AirportRadipService.swift */,
			);
			path = Services;
			sourceTree = "<group>";
		};
		EFDC306923814EF3005AAD1B /* Model */ = {
			isa = PBXGroup;
			children = (
				EFDC306A23814F00005AAD1B /* Airport.swift */,
				EF3EC32D2385478C007EF686 /* AirportAnnotation.swift */,
			);
			path = Model;
			sourceTree = "<group>";
		};
		EFDC306C238150C8005AAD1B /* Location */ = {
			isa = PBXGroup;
			children = (
				EFDC306D238150E8005AAD1B /* LocationManager.swift */,
			);
			path = Location;
			sourceTree = "<group>";
		};
		EFDC306F23815387005AAD1B /* Store */ = {
			isa = PBXGroup;
			children = (
				EFDC3070238153A5005AAD1B /* AirportAPIDataStore.swift */,
			);
			path = Store;
			sourceTree = "<group>";
		};
/* End PBXGroup section */

/* Begin PBXNativeTarget section */
		EF06B085237FD72C000D9D7E /* AirportLocator */ = {
			isa = PBXNativeTarget;
			buildConfigurationList = EF06B0B0237FD72F000D9D7E /* Build configuration list for PBXNativeTarget "AirportLocator" */;
			buildPhases = (
				EF06B082237FD72C000D9D7E /* Sources */,
				EF06B083237FD72C000D9D7E /* Frameworks */,
				EF06B084237FD72C000D9D7E /* Resources */,
			);
			buildRules = (
			);
			dependencies = (
			);
			name = AirportLocator;
			productName = AirportFinder;
			productReference = EF06B086237FD72C000D9D7E /* AirportLocator.app */;
			productType = "com.apple.product-type.application";
		};
		EF06B09B237FD72F000D9D7E /* AirportLocatorTests */ = {
			isa = PBXNativeTarget;
			buildConfigurationList = EF06B0B3237FD72F000D9D7E /* Build configuration list for PBXNativeTarget "AirportLocatorTests" */;
			buildPhases = (
				EF06B098237FD72F000D9D7E /* Sources */,
				EF06B099237FD72F000D9D7E /* Frameworks */,
				EF06B09A237FD72F000D9D7E /* Resources */,
			);
			buildRules = (
			);
			dependencies = (
				EF06B09E237FD72F000D9D7E /* PBXTargetDependency */,
			);
			name = AirportLocatorTests;
			productName = AirportFinderTests;
			productReference = EF06B09C237FD72F000D9D7E /* AirportLocatorTests.xctest */;
			productType = "com.apple.product-type.bundle.unit-test";
		};
		EF06B0A6237FD72F000D9D7E /* AirportLocatorUITests */ = {
			isa = PBXNativeTarget;
			buildConfigurationList = EF06B0B6237FD72F000D9D7E /* Build configuration list for PBXNativeTarget "AirportLocatorUITests" */;
			buildPhases = (
				EF06B0A3237FD72F000D9D7E /* Sources */,
				EF06B0A4237FD72F000D9D7E /* Frameworks */,
				EF06B0A5237FD72F000D9D7E /* Resources */,
			);
			buildRules = (
			);
			dependencies = (
				EF06B0A9237FD72F000D9D7E /* PBXTargetDependency */,
			);
			name = AirportLocatorUITests;
			productName = AirportFinderUITests;
			productReference = EF06B0A7237FD72F000D9D7E /* AirportLocatorUITests.xctest */;
			productType = "com.apple.product-type.bundle.ui-testing";
		};
/* End PBXNativeTarget section */

/* Begin PBXProject section */
		EF06B07E237FD72C000D9D7E /* Project object */ = {
			isa = PBXProject;
			attributes = {
				LastSwiftUpdateCheck = 1110;
				LastUpgradeCheck = 1110;
				ORGANIZATIONNAME = "Savitha Rudramuni";
				TargetAttributes = {
					EF06B085237FD72C000D9D7E = {
						CreatedOnToolsVersion = 11.1;
					};
					EF06B09B237FD72F000D9D7E = {
						CreatedOnToolsVersion = 11.1;
						TestTargetID = EF06B085237FD72C000D9D7E;
					};
					EF06B0A6237FD72F000D9D7E = {
						CreatedOnToolsVersion = 11.1;
						TestTargetID = EF06B085237FD72C000D9D7E;
					};
				};
			};
			buildConfigurationList = EF06B081237FD72C000D9D7E /* Build configuration list for PBXProject "AirportLocator" */;
			compatibilityVersion = "Xcode 9.3";
			developmentRegion = en;
			hasScannedForEncodings = 0;
			knownRegions = (
				en,
				Base,
			);
			mainGroup = EF06B07D237FD72C000D9D7E;
			productRefGroup = EF06B087237FD72C000D9D7E /* Products */;
			projectDirPath = "";
			projectRoot = "";
			targets = (
				EF06B085237FD72C000D9D7E /* AirportLocator */,
				EF06B09B237FD72F000D9D7E /* AirportLocatorTests */,
				EF06B0A6237FD72F000D9D7E /* AirportLocatorUITests */,
			);
		};
/* End PBXProject section */

/* Begin PBXResourcesBuildPhase section */
		EF06B084237FD72C000D9D7E /* Resources */ = {
			isa = PBXResourcesBuildPhase;
			buildActionMask = 2147483647;
			files = (
				EF06B096237FD72F000D9D7E /* LaunchScreen.storyboard in Resources */,
				EF06B093237FD72F000D9D7E /* Assets.xcassets in Resources */,
				EF06B091237FD72C000D9D7E /* Main.storyboard in Resources */,
			);
			runOnlyForDeploymentPostprocessing = 0;
		};
		EF06B09A237FD72F000D9D7E /* Resources */ = {
			isa = PBXResourcesBuildPhase;
			buildActionMask = 2147483647;
			files = (
			);
			runOnlyForDeploymentPostprocessing = 0;
		};
		EF06B0A5237FD72F000D9D7E /* Resources */ = {
			isa = PBXResourcesBuildPhase;
			buildActionMask = 2147483647;
			files = (
			);
			runOnlyForDeploymentPostprocessing = 0;
		};
/* End PBXResourcesBuildPhase section */

/* Begin PBXSourcesBuildPhase section */
		EF06B082237FD72C000D9D7E /* Sources */ = {
			isa = PBXSourcesBuildPhase;
			buildActionMask = 2147483647;
			files = (
				EFDC3065238148ED005AAD1B /* AirportSearchWorker.swift in Sources */,
				EF06B08E237FD72C000D9D7E /* SearchViewController.swift in Sources */,
				EFDC3062238148ED005AAD1B /* AirportSearchModels.swift in Sources */,
				EF06B08A237FD72C000D9D7E /* AppDelegate.swift in Sources */,
				EF3EC32E2385478C007EF686 /* AirportAnnotation.swift in Sources */,
				EFDC3060238148ED005AAD1B /* AirportSearchViewController.swift in Sources */,
				EFDC3064238148ED005AAD1B /* AirportSearchRouter.swift in Sources */,
				EFDC3063238148ED005AAD1B /* AirportSearchPresenter.swift in Sources */,
				EFDC306823814E46005AAD1B /* AirportService.swift in Sources */,
				EFDC306E238150E8005AAD1B /* LocationManager.swift in Sources */,
				EFDC306B23814F00005AAD1B /* Airport.swift in Sources */,
				EF06B08C237FD72C000D9D7E /* SceneDelegate.swift in Sources */,
				EFDC3061238148ED005AAD1B /* AirportSearchInteractor.swift in Sources */,
				EF3EC330238551E6007EF686 /* AirportRadipService.swift in Sources */,
				EFDC3071238153A5005AAD1B /* AirportAPIDataStore.swift in Sources */,
			);
			runOnlyForDeploymentPostprocessing = 0;
		};
		EF06B098237FD72F000D9D7E /* Sources */ = {
			isa = PBXSourcesBuildPhase;
			buildActionMask = 2147483647;
			files = (
				EF06B0A1237FD72F000D9D7E /* AirportFinderTests.swift in Sources */,
			);
			runOnlyForDeploymentPostprocessing = 0;
		};
		EF06B0A3237FD72F000D9D7E /* Sources */ = {
			isa = PBXSourcesBuildPhase;
			buildActionMask = 2147483647;
			files = (
				EF06B0AC237FD72F000D9D7E /* AirportFinderUITests.swift in Sources */,
			);
			runOnlyForDeploymentPostprocessing = 0;
		};
/* End PBXSourcesBuildPhase section */

/* Begin PBXTargetDependency section */
		EF06B09E237FD72F000D9D7E /* PBXTargetDependency */ = {
			isa = PBXTargetDependency;
			target = EF06B085237FD72C000D9D7E /* AirportLocator */;
			targetProxy = EF06B09D237FD72F000D9D7E /* PBXContainerItemProxy */;
		};
		EF06B0A9237FD72F000D9D7E /* PBXTargetDependency */ = {
			isa = PBXTargetDependency;
			target = EF06B085237FD72C000D9D7E /* AirportLocator */;
			targetProxy = EF06B0A8237FD72F000D9D7E /* PBXContainerItemProxy */;
		};
/* End PBXTargetDependency section */

/* Begin PBXVariantGroup section */
		EF06B08F237FD72C000D9D7E /* Main.storyboard */ = {
			isa = PBXVariantGroup;
			children = (
				EF06B090237FD72C000D9D7E /* Base */,
			);
			name = Main.storyboard;
			sourceTree = "<group>";
		};
		EF06B094237FD72F000D9D7E /* LaunchScreen.storyboard */ = {
			isa = PBXVariantGroup;
			children = (
				EF06B095237FD72F000D9D7E /* Base */,
			);
			name = LaunchScreen.storyboard;
			sourceTree = "<group>";
		};
/* End PBXVariantGroup section */

/* Begin XCBuildConfiguration section */
		EF06B0AE237FD72F000D9D7E /* Debug */ = {
			isa = XCBuildConfiguration;
			buildSettings = {
				ALWAYS_SEARCH_USER_PATHS = NO;
				CLANG_ANALYZER_NONNULL = YES;
				CLANG_ANALYZER_NUMBER_OBJECT_CONVERSION = YES_AGGRESSIVE;
				CLANG_CXX_LANGUAGE_STANDARD = "gnu++14";
				CLANG_CXX_LIBRARY = "libc++";
				CLANG_ENABLE_MODULES = YES;
				CLANG_ENABLE_OBJC_ARC = YES;
				CLANG_ENABLE_OBJC_WEAK = YES;
				CLANG_WARN_BLOCK_CAPTURE_AUTORELEASING = YES;
				CLANG_WARN_BOOL_CONVERSION = YES;
				CLANG_WARN_COMMA = YES;
				CLANG_WARN_CONSTANT_CONVERSION = YES;
				CLANG_WARN_DEPRECATED_OBJC_IMPLEMENTATIONS = YES;
				CLANG_WARN_DIRECT_OBJC_ISA_USAGE = YES_ERROR;
				CLANG_WARN_DOCUMENTATION_COMMENTS = YES;
				CLANG_WARN_EMPTY_BODY = YES;
				CLANG_WARN_ENUM_CONVERSION = YES;
				CLANG_WARN_INFINITE_RECURSION = YES;
				CLANG_WARN_INT_CONVERSION = YES;
				CLANG_WARN_NON_LITERAL_NULL_CONVERSION = YES;
				CLANG_WARN_OBJC_IMPLICIT_RETAIN_SELF = YES;
				CLANG_WARN_OBJC_LITERAL_CONVERSION = YES;
				CLANG_WARN_OBJC_ROOT_CLASS = YES_ERROR;
				CLANG_WARN_RANGE_LOOP_ANALYSIS = YES;
				CLANG_WARN_STRICT_PROTOTYPES = YES;
				CLANG_WARN_SUSPICIOUS_MOVE = YES;
				CLANG_WARN_UNGUARDED_AVAILABILITY = YES_AGGRESSIVE;
				CLANG_WARN_UNREACHABLE_CODE = YES;
				CLANG_WARN__DUPLICATE_METHOD_MATCH = YES;
				COPY_PHASE_STRIP = NO;
				DEBUG_INFORMATION_FORMAT = dwarf;
				ENABLE_STRICT_OBJC_MSGSEND = YES;
				ENABLE_TESTABILITY = YES;
				GCC_C_LANGUAGE_STANDARD = gnu11;
				GCC_DYNAMIC_NO_PIC = NO;
				GCC_NO_COMMON_BLOCKS = YES;
				GCC_OPTIMIZATION_LEVEL = 0;
				GCC_PREPROCESSOR_DEFINITIONS = (
					"DEBUG=1",
					"$(inherited)",
				);
				GCC_WARN_64_TO_32_BIT_CONVERSION = YES;
				GCC_WARN_ABOUT_RETURN_TYPE = YES_ERROR;
				GCC_WARN_UNDECLARED_SELECTOR = YES;
				GCC_WARN_UNINITIALIZED_AUTOS = YES_AGGRESSIVE;
				GCC_WARN_UNUSED_FUNCTION = YES;
				GCC_WARN_UNUSED_VARIABLE = YES;
				IPHONEOS_DEPLOYMENT_TARGET = 13.1;
				MTL_ENABLE_DEBUG_INFO = INCLUDE_SOURCE;
				MTL_FAST_MATH = YES;
				ONLY_ACTIVE_ARCH = YES;
				SDKROOT = iphoneos;
				SWIFT_ACTIVE_COMPILATION_CONDITIONS = DEBUG;
				SWIFT_OPTIMIZATION_LEVEL = "-Onone";
			};
			name = Debug;
		};
		EF06B0AF237FD72F000D9D7E /* Release */ = {
			isa = XCBuildConfiguration;
			buildSettings = {
				ALWAYS_SEARCH_USER_PATHS = NO;
				CLANG_ANALYZER_NONNULL = YES;
				CLANG_ANALYZER_NUMBER_OBJECT_CONVERSION = YES_AGGRESSIVE;
				CLANG_CXX_LANGUAGE_STANDARD = "gnu++14";
				CLANG_CXX_LIBRARY = "libc++";
				CLANG_ENABLE_MODULES = YES;
				CLANG_ENABLE_OBJC_ARC = YES;
				CLANG_ENABLE_OBJC_WEAK = YES;
				CLANG_WARN_BLOCK_CAPTURE_AUTORELEASING = YES;
				CLANG_WARN_BOOL_CONVERSION = YES;
				CLANG_WARN_COMMA = YES;
				CLANG_WARN_CONSTANT_CONVERSION = YES;
				CLANG_WARN_DEPRECATED_OBJC_IMPLEMENTATIONS = YES;
				CLANG_WARN_DIRECT_OBJC_ISA_USAGE = YES_ERROR;
				CLANG_WARN_DOCUMENTATION_COMMENTS = YES;
				CLANG_WARN_EMPTY_BODY = YES;
				CLANG_WARN_ENUM_CONVERSION = YES;
				CLANG_WARN_INFINITE_RECURSION = YES;
				CLANG_WARN_INT_CONVERSION = YES;
				CLANG_WARN_NON_LITERAL_NULL_CONVERSION = YES;
				CLANG_WARN_OBJC_IMPLICIT_RETAIN_SELF = YES;
				CLANG_WARN_OBJC_LITERAL_CONVERSION = YES;
				CLANG_WARN_OBJC_ROOT_CLASS = YES_ERROR;
				CLANG_WARN_RANGE_LOOP_ANALYSIS = YES;
				CLANG_WARN_STRICT_PROTOTYPES = YES;
				CLANG_WARN_SUSPICIOUS_MOVE = YES;
				CLANG_WARN_UNGUARDED_AVAILABILITY = YES_AGGRESSIVE;
				CLANG_WARN_UNREACHABLE_CODE = YES;
				CLANG_WARN__DUPLICATE_METHOD_MATCH = YES;
				COPY_PHASE_STRIP = NO;
				DEBUG_INFORMATION_FORMAT = "dwarf-with-dsym";
				ENABLE_NS_ASSERTIONS = NO;
				ENABLE_STRICT_OBJC_MSGSEND = YES;
				GCC_C_LANGUAGE_STANDARD = gnu11;
				GCC_NO_COMMON_BLOCKS = YES;
				GCC_WARN_64_TO_32_BIT_CONVERSION = YES;
				GCC_WARN_ABOUT_RETURN_TYPE = YES_ERROR;
				GCC_WARN_UNDECLARED_SELECTOR = YES;
				GCC_WARN_UNINITIALIZED_AUTOS = YES_AGGRESSIVE;
				GCC_WARN_UNUSED_FUNCTION = YES;
				GCC_WARN_UNUSED_VARIABLE = YES;
				IPHONEOS_DEPLOYMENT_TARGET = 13.1;
				MTL_ENABLE_DEBUG_INFO = NO;
				MTL_FAST_MATH = YES;
				SDKROOT = iphoneos;
				SWIFT_COMPILATION_MODE = wholemodule;
				SWIFT_OPTIMIZATION_LEVEL = "-O";
				VALIDATE_PRODUCT = YES;
			};
			name = Release;
		};
		EF06B0B1237FD72F000D9D7E /* Debug */ = {
			isa = XCBuildConfiguration;
			buildSettings = {
				ASSETCATALOG_COMPILER_APPICON_NAME = AppIcon;
				CODE_SIGN_STYLE = Automatic;
				DEVELOPMENT_TEAM = B9A6AY3E5L;
				INFOPLIST_FILE = AirportFinder/Info.plist;
				LD_RUNPATH_SEARCH_PATHS = (
					"$(inherited)",
					"@executable_path/Frameworks",
				);
				PRODUCT_BUNDLE_IDENTIFIER = a.AirportFinder;
				PRODUCT_NAME = "$(TARGET_NAME)";
				SWIFT_VERSION = 5.0;
				TARGETED_DEVICE_FAMILY = "1,2";
			};
			name = Debug;
		};
		EF06B0B2237FD72F000D9D7E /* Release */ = {
			isa = XCBuildConfiguration;
			buildSettings = {
				ASSETCATALOG_COMPILER_APPICON_NAME = AppIcon;
				CODE_SIGN_STYLE = Automatic;
				DEVELOPMENT_TEAM = B9A6AY3E5L;
				INFOPLIST_FILE = AirportFinder/Info.plist;
				LD_RUNPATH_SEARCH_PATHS = (
					"$(inherited)",
					"@executable_path/Frameworks",
				);
				PRODUCT_BUNDLE_IDENTIFIER = a.AirportFinder;
				PRODUCT_NAME = "$(TARGET_NAME)";
				SWIFT_VERSION = 5.0;
				TARGETED_DEVICE_FAMILY = "1,2";
			};
			name = Release;
		};
		EF06B0B4237FD72F000D9D7E /* Debug */ = {
			isa = XCBuildConfiguration;
			buildSettings = {
				ALWAYS_EMBED_SWIFT_STANDARD_LIBRARIES = YES;
				BUNDLE_LOADER = "$(TEST_HOST)";
				CODE_SIGN_STYLE = Automatic;
				DEVELOPMENT_TEAM = B9A6AY3E5L;
				INFOPLIST_FILE = AirportFinderTests/Info.plist;
				IPHONEOS_DEPLOYMENT_TARGET = 13.1;
				LD_RUNPATH_SEARCH_PATHS = (
					"$(inherited)",
					"@executable_path/Frameworks",
					"@loader_path/Frameworks",
				);
				PRODUCT_BUNDLE_IDENTIFIER = a.AirportFinderTests;
				PRODUCT_NAME = "$(TARGET_NAME)";
				SWIFT_VERSION = 5.0;
				TARGETED_DEVICE_FAMILY = "1,2";
				TEST_HOST = "$(BUILT_PRODUCTS_DIR)/AirportLocator.app/AirportLocator";
			};
			name = Debug;
		};
		EF06B0B5237FD72F000D9D7E /* Release */ = {
			isa = XCBuildConfiguration;
			buildSettings = {
				ALWAYS_EMBED_SWIFT_STANDARD_LIBRARIES = YES;
				BUNDLE_LOADER = "$(TEST_HOST)";
				CODE_SIGN_STYLE = Automatic;
				DEVELOPMENT_TEAM = B9A6AY3E5L;
				INFOPLIST_FILE = AirportFinderTests/Info.plist;
				IPHONEOS_DEPLOYMENT_TARGET = 13.1;
				LD_RUNPATH_SEARCH_PATHS = (
					"$(inherited)",
					"@executable_path/Frameworks",
					"@loader_path/Frameworks",
				);
				PRODUCT_BUNDLE_IDENTIFIER = a.AirportFinderTests;
				PRODUCT_NAME = "$(TARGET_NAME)";
				SWIFT_VERSION = 5.0;
				TARGETED_DEVICE_FAMILY = "1,2";
				TEST_HOST = "$(BUILT_PRODUCTS_DIR)/AirportLocator.app/AirportLocator";
			};
			name = Release;
		};
		EF06B0B7237FD72F000D9D7E /* Debug */ = {
			isa = XCBuildConfiguration;
			buildSettings = {
				ALWAYS_EMBED_SWIFT_STANDARD_LIBRARIES = YES;
				CODE_SIGN_STYLE = Automatic;
				DEVELOPMENT_TEAM = B9A6AY3E5L;
				INFOPLIST_FILE = AirportFinderUITests/Info.plist;
				LD_RUNPATH_SEARCH_PATHS = (
					"$(inherited)",
					"@executable_path/Frameworks",
					"@loader_path/Frameworks",
				);
				PRODUCT_BUNDLE_IDENTIFIER = a.AirportFinderUITests;
				PRODUCT_NAME = "$(TARGET_NAME)";
				SWIFT_VERSION = 5.0;
				TARGETED_DEVICE_FAMILY = "1,2";
				TEST_TARGET_NAME = AirportFinder;
			};
			name = Debug;
		};
		EF06B0B8237FD72F000D9D7E /* Release */ = {
			isa = XCBuildConfiguration;
			buildSettings = {
				ALWAYS_EMBED_SWIFT_STANDARD_LIBRARIES = YES;
				CODE_SIGN_STYLE = Automatic;
				DEVELOPMENT_TEAM = B9A6AY3E5L;
				INFOPLIST_FILE = AirportFinderUITests/Info.plist;
				LD_RUNPATH_SEARCH_PATHS = (
					"$(inherited)",
					"@executable_path/Frameworks",
					"@loader_path/Frameworks",
				);
				PRODUCT_BUNDLE_IDENTIFIER = a.AirportFinderUITests;
				PRODUCT_NAME = "$(TARGET_NAME)";
				SWIFT_VERSION = 5.0;
				TARGETED_DEVICE_FAMILY = "1,2";
				TEST_TARGET_NAME = AirportFinder;
			};
			name = Release;
		};
/* End XCBuildConfiguration section */

/* Begin XCConfigurationList section */
		EF06B081237FD72C000D9D7E /* Build configuration list for PBXProject "AirportLocator" */ = {
			isa = XCConfigurationList;
			buildConfigurations = (
				EF06B0AE237FD72F000D9D7E /* Debug */,
				EF06B0AF237FD72F000D9D7E /* Release */,
			);
			defaultConfigurationIsVisible = 0;
			defaultConfigurationName = Release;
		};
		EF06B0B0237FD72F000D9D7E /* Build configuration list for PBXNativeTarget "AirportLocator" */ = {
			isa = XCConfigurationList;
			buildConfigurations = (
				EF06B0B1237FD72F000D9D7E /* Debug */,
				EF06B0B2237FD72F000D9D7E /* Release */,
			);
			defaultConfigurationIsVisible = 0;
			defaultConfigurationName = Release;
		};
		EF06B0B3237FD72F000D9D7E /* Build configuration list for PBXNativeTarget "AirportLocatorTests" */ = {
			isa = XCConfigurationList;
			buildConfigurations = (
				EF06B0B4237FD72F000D9D7E /* Debug */,
				EF06B0B5237FD72F000D9D7E /* Release */,
			);
			defaultConfigurationIsVisible = 0;
			defaultConfigurationName = Release;
		};
		EF06B0B6237FD72F000D9D7E /* Build configuration list for PBXNativeTarget "AirportLocatorUITests" */ = {
			isa = XCConfigurationList;
			buildConfigurations = (
				EF06B0B7237FD72F000D9D7E /* Debug */,
				EF06B0B8237FD72F000D9D7E /* Release */,
			);
			defaultConfigurationIsVisible = 0;
			defaultConfigurationName = Release;
		};
/* End XCConfigurationList section */
	};
	rootObject = EF06B07E237FD72C000D9D7E /* Project object */;
}
